# THIS IS AN AUTOGENERATED FILE. DO NOT EDIT THIS FILE DIRECTLY.
# yarn lockfile v1


retypeapp@^1.10.0:
  version "1.10.0"
  resolved "https://registry.yarnpkg.com/retypeapp/-/retypeapp-1.10.0.tgz#2032c38d764321a4bae73af6347fff12b0835b86"
  integrity sha512-TyGnSl1e29yXW42c5VXrkeXKHavkmaRjwQydlkZTdA2p8fHSKEQS7FGYW4OOSjK/tPQ1FTfX7lmogF+4KEZZ4g==
